
Microsoft Visual Studio Solution File, Format Version 12.00
# Visual Studio Version 17
VisualStudioVersion = 17.3.32929.385
MinimumVisualStudioVersion = 10.0.40219.1
Project("{FAE04EC0-301F-11D3-BF4B-00C04F79EFBC}") = "ProgAssign1", "ProgAssign1\ProgAssign1.csproj", "{F388FAAE-8A0D-4747-A595-6119B9CFE2CB}"
EndProject
Global
	GlobalSection(SolutionConfigurationPlatforms) = preSolution
		Debug|Any CPU = Debug|Any CPU
		Release|Any CPU = Release|Any CPU
	EndGlobalSection
	GlobalSection(ProjectConfigurationPlatforms) = postSolution
		{F388FAAE-8A0D-4747-A595-6119B9CFE2CB}.Debug|Any CPU.ActiveCfg = Debug|Any CPU
		{F388FAAE-8A0D-4747-A595-6119B9CFE2CB}.Debug|Any CPU.Build.0 = Debug|Any CPU
		{F388FAAE-8A0D-4747-A595-6119B9CFE2CB}.Release|Any CPU.ActiveCfg = Release|Any CPU
		{F388FAAE-8A0D-4747-A595-6119B9CFE2CB}.Release|Any CPU.Build.0 = Release|Any CPU
	EndGlobalSection
	GlobalSection(SolutionProperties) = preSolution
		HideSolutionNode = FALSE
	EndGlobalSection
	GlobalSection(ExtensibilityGlobals) = postSolution
		SolutionGuid = {13FF78BC-E271-4E7B-8A51-FCE51AD45253}
	EndGlobalSection
EndGlobal
